
Microsoft Visual Studio Solution File, Format Version 12.00
# Visual Studio Version 16
VisualStudioVersion = 25.0.1700.0
MinimumVisualStudioVersion = 10.0.40219.1
Project("{FAE04EC0-301F-11D3-BF4B-00C04F79EFBC}") = "LinkedLIst", "LinkedLIst\LinkedLIst.csproj", "{6E43309C-CC01-4DC4-8754-D8B706027562}"
EndProject
Global
	GlobalSection(SolutionConfigurationPlatforms) = preSolution
		Debug|Any CPU = Debug|Any CPU
		Release|Any CPU = Release|Any CPU
	EndGlobalSection
	GlobalSection(ProjectConfigurationPlatforms) = postSolution
		{6E43309C-CC01-4DC4-8754-D8B706027562}.Debug|Any CPU.ActiveCfg = Debug|Any CPU
		{6E43309C-CC01-4DC4-8754-D8B706027562}.Debug|Any CPU.Build.0 = Debug|Any CPU
		{6E43309C-CC01-4DC4-8754-D8B706027562}.Release|Any CPU.ActiveCfg = Release|Any CPU
		{6E43309C-CC01-4DC4-8754-D8B706027562}.Release|Any CPU.Build.0 = Release|Any CPU
	EndGlobalSection
	GlobalSection(SolutionProperties) = preSolution
		HideSolutionNode = FALSE
	EndGlobalSection
	GlobalSection(ExtensibilityGlobals) = postSolution
		SolutionGuid = {AEEFF0B6-CCB8-4C90-8718-E241CEEC0D86}
	EndGlobalSection
EndGlobal
