
Microsoft Visual Studio Solution File, Format Version 12.00
# Visual Studio Version 17
VisualStudioVersion = 17.1.32407.343
MinimumVisualStudioVersion = 10.0.40219.1
Project("{FAE04EC0-301F-11D3-BF4B-00C04F79EFBC}") = "Array_Dynamic", "Array_Dynamic\Array_Dynamic.csproj", "{EC02A800-551C-4FDC-ACB3-B10B45881886}"
EndProject
Global
	GlobalSection(SolutionConfigurationPlatforms) = preSolution
		Debug|Any CPU = Debug|Any CPU
		Release|Any CPU = Release|Any CPU
	EndGlobalSection
	GlobalSection(ProjectConfigurationPlatforms) = postSolution
		{EC02A800-551C-4FDC-ACB3-B10B45881886}.Debug|Any CPU.ActiveCfg = Debug|Any CPU
		{EC02A800-551C-4FDC-ACB3-B10B45881886}.Debug|Any CPU.Build.0 = Debug|Any CPU
		{EC02A800-551C-4FDC-ACB3-B10B45881886}.Release|Any CPU.ActiveCfg = Release|Any CPU
		{EC02A800-551C-4FDC-ACB3-B10B45881886}.Release|Any CPU.Build.0 = Release|Any CPU
	EndGlobalSection
	GlobalSection(SolutionProperties) = preSolution
		HideSolutionNode = FALSE
	EndGlobalSection
	GlobalSection(ExtensibilityGlobals) = postSolution
		SolutionGuid = {50C65772-AA8F-4192-B1C1-418D039C9752}
	EndGlobalSection
EndGlobal
