
Microsoft Visual Studio Solution File, Format Version 12.00
# Visual Studio Version 17
VisualStudioVersion = 17.1.32407.343
MinimumVisualStudioVersion = 10.0.40219.1
Project("{FAE04EC0-301F-11D3-BF4B-00C04F79EFBC}") = "Factorial", "Factorial\Factorial.csproj", "{DFEEF232-84FE-4EBD-B981-25B877998AFC}"
EndProject
Global
	GlobalSection(SolutionConfigurationPlatforms) = preSolution
		Debug|Any CPU = Debug|Any CPU
		Release|Any CPU = Release|Any CPU
	EndGlobalSection
	GlobalSection(ProjectConfigurationPlatforms) = postSolution
		{DFEEF232-84FE-4EBD-B981-25B877998AFC}.Debug|Any CPU.ActiveCfg = Debug|Any CPU
		{DFEEF232-84FE-4EBD-B981-25B877998AFC}.Debug|Any CPU.Build.0 = Debug|Any CPU
		{DFEEF232-84FE-4EBD-B981-25B877998AFC}.Release|Any CPU.ActiveCfg = Release|Any CPU
		{DFEEF232-84FE-4EBD-B981-25B877998AFC}.Release|Any CPU.Build.0 = Release|Any CPU
	EndGlobalSection
	GlobalSection(SolutionProperties) = preSolution
		HideSolutionNode = FALSE
	EndGlobalSection
	GlobalSection(ExtensibilityGlobals) = postSolution
		SolutionGuid = {3580C825-0A40-4676-A7C6-9076D5D3896F}
	EndGlobalSection
EndGlobal
