
Microsoft Visual Studio Solution File, Format Version 12.00
# Visual Studio Version 17
VisualStudioVersion = 17.1.32407.343
MinimumVisualStudioVersion = 10.0.40219.1
Project("{FAE04EC0-301F-11D3-BF4B-00C04F79EFBC}") = "Stack_using_LinkedList", "Stack_using_LinkedList\Stack_using_LinkedList.csproj", "{6B766D7A-2CAC-4A8E-BBA1-6A791BD2F95A}"
EndProject
Global
	GlobalSection(SolutionConfigurationPlatforms) = preSolution
		Debug|Any CPU = Debug|Any CPU
		Release|Any CPU = Release|Any CPU
	EndGlobalSection
	GlobalSection(ProjectConfigurationPlatforms) = postSolution
		{6B766D7A-2CAC-4A8E-BBA1-6A791BD2F95A}.Debug|Any CPU.ActiveCfg = Debug|Any CPU
		{6B766D7A-2CAC-4A8E-BBA1-6A791BD2F95A}.Debug|Any CPU.Build.0 = Debug|Any CPU
		{6B766D7A-2CAC-4A8E-BBA1-6A791BD2F95A}.Release|Any CPU.ActiveCfg = Release|Any CPU
		{6B766D7A-2CAC-4A8E-BBA1-6A791BD2F95A}.Release|Any CPU.Build.0 = Release|Any CPU
	EndGlobalSection
	GlobalSection(SolutionProperties) = preSolution
		HideSolutionNode = FALSE
	EndGlobalSection
	GlobalSection(ExtensibilityGlobals) = postSolution
		SolutionGuid = {17248420-9513-4D18-A4AB-6CBD67032416}
	EndGlobalSection
EndGlobal
