
Microsoft Visual Studio Solution File, Format Version 12.00
# Visual Studio Version 17
VisualStudioVersion = 17.1.32407.343
MinimumVisualStudioVersion = 10.0.40219.1
Project("{FAE04EC0-301F-11D3-BF4B-00C04F79EFBC}") = "Graph_BFS", "Graph_BFS\Graph_BFS.csproj", "{EAD4A77B-4715-4299-B238-51DEC8AD5163}"
EndProject
Global
	GlobalSection(SolutionConfigurationPlatforms) = preSolution
		Debug|Any CPU = Debug|Any CPU
		Release|Any CPU = Release|Any CPU
	EndGlobalSection
	GlobalSection(ProjectConfigurationPlatforms) = postSolution
		{EAD4A77B-4715-4299-B238-51DEC8AD5163}.Debug|Any CPU.ActiveCfg = Debug|Any CPU
		{EAD4A77B-4715-4299-B238-51DEC8AD5163}.Debug|Any CPU.Build.0 = Debug|Any CPU
		{EAD4A77B-4715-4299-B238-51DEC8AD5163}.Release|Any CPU.ActiveCfg = Release|Any CPU
		{EAD4A77B-4715-4299-B238-51DEC8AD5163}.Release|Any CPU.Build.0 = Release|Any CPU
	EndGlobalSection
	GlobalSection(SolutionProperties) = preSolution
		HideSolutionNode = FALSE
	EndGlobalSection
	GlobalSection(ExtensibilityGlobals) = postSolution
		SolutionGuid = {01D98EC2-A052-486F-A9F4-111B89E6B269}
	EndGlobalSection
EndGlobal
