
Microsoft Visual Studio Solution File, Format Version 12.00
# Visual Studio Version 17
VisualStudioVersion = 17.1.32407.343
MinimumVisualStudioVersion = 10.0.40219.1
Project("{FAE04EC0-301F-11D3-BF4B-00C04F79EFBC}") = "Graph_BFS", "Graph_BFS\Graph_BFS.csproj", "{15D36925-E037-4BD7-8B57-27D6CD4B0D12}"
EndProject
Global
	GlobalSection(SolutionConfigurationPlatforms) = preSolution
		Debug|Any CPU = Debug|Any CPU
		Release|Any CPU = Release|Any CPU
	EndGlobalSection
	GlobalSection(ProjectConfigurationPlatforms) = postSolution
		{15D36925-E037-4BD7-8B57-27D6CD4B0D12}.Debug|Any CPU.ActiveCfg = Debug|Any CPU
		{15D36925-E037-4BD7-8B57-27D6CD4B0D12}.Debug|Any CPU.Build.0 = Debug|Any CPU
		{15D36925-E037-4BD7-8B57-27D6CD4B0D12}.Release|Any CPU.ActiveCfg = Release|Any CPU
		{15D36925-E037-4BD7-8B57-27D6CD4B0D12}.Release|Any CPU.Build.0 = Release|Any CPU
	EndGlobalSection
	GlobalSection(SolutionProperties) = preSolution
		HideSolutionNode = FALSE
	EndGlobalSection
	GlobalSection(ExtensibilityGlobals) = postSolution
		SolutionGuid = {84A396B6-482A-4AD4-81AC-F2D371D0A186}
	EndGlobalSection
EndGlobal
