
Microsoft Visual Studio Solution File, Format Version 12.00
# Visual Studio Version 17
VisualStudioVersion = 17.1.32407.343
MinimumVisualStudioVersion = 10.0.40219.1
Project("{FAE04EC0-301F-11D3-BF4B-00C04F79EFBC}") = "BinaryTree", "BinaryTree\BinaryTree.csproj", "{D96AF51C-40B8-4900-80C7-BF86DD4CD6CC}"
EndProject
Global
	GlobalSection(SolutionConfigurationPlatforms) = preSolution
		Debug|Any CPU = Debug|Any CPU
		Release|Any CPU = Release|Any CPU
	EndGlobalSection
	GlobalSection(ProjectConfigurationPlatforms) = postSolution
		{D96AF51C-40B8-4900-80C7-BF86DD4CD6CC}.Debug|Any CPU.ActiveCfg = Debug|Any CPU
		{D96AF51C-40B8-4900-80C7-BF86DD4CD6CC}.Debug|Any CPU.Build.0 = Debug|Any CPU
		{D96AF51C-40B8-4900-80C7-BF86DD4CD6CC}.Release|Any CPU.ActiveCfg = Release|Any CPU
		{D96AF51C-40B8-4900-80C7-BF86DD4CD6CC}.Release|Any CPU.Build.0 = Release|Any CPU
	EndGlobalSection
	GlobalSection(SolutionProperties) = preSolution
		HideSolutionNode = FALSE
	EndGlobalSection
	GlobalSection(ExtensibilityGlobals) = postSolution
		SolutionGuid = {4F1C2776-3C09-4F17-93E0-22035C77E79B}
	EndGlobalSection
EndGlobal
