
Microsoft Visual Studio Solution File, Format Version 12.00
# Visual Studio Version 17
VisualStudioVersion = 17.1.32407.343
MinimumVisualStudioVersion = 10.0.40219.1
Project("{FAE04EC0-301F-11D3-BF4B-00C04F79EFBC}") = "Queue_using_Stack", "Queue_using_Stack\Queue_using_Stack.csproj", "{CF98E8E4-2477-4356-A7D5-16BE4DD2795B}"
EndProject
Global
	GlobalSection(SolutionConfigurationPlatforms) = preSolution
		Debug|Any CPU = Debug|Any CPU
		Release|Any CPU = Release|Any CPU
	EndGlobalSection
	GlobalSection(ProjectConfigurationPlatforms) = postSolution
		{CF98E8E4-2477-4356-A7D5-16BE4DD2795B}.Debug|Any CPU.ActiveCfg = Debug|Any CPU
		{CF98E8E4-2477-4356-A7D5-16BE4DD2795B}.Debug|Any CPU.Build.0 = Debug|Any CPU
		{CF98E8E4-2477-4356-A7D5-16BE4DD2795B}.Release|Any CPU.ActiveCfg = Release|Any CPU
		{CF98E8E4-2477-4356-A7D5-16BE4DD2795B}.Release|Any CPU.Build.0 = Release|Any CPU
	EndGlobalSection
	GlobalSection(SolutionProperties) = preSolution
		HideSolutionNode = FALSE
	EndGlobalSection
	GlobalSection(ExtensibilityGlobals) = postSolution
		SolutionGuid = {0A6F397D-5FBB-49DE-9C34-FBBF2C4426C5}
	EndGlobalSection
EndGlobal
