
Microsoft Visual Studio Solution File, Format Version 12.00
# Visual Studio Version 17
VisualStudioVersion = 17.1.32407.343
MinimumVisualStudioVersion = 10.0.40219.1
Project("{FAE04EC0-301F-11D3-BF4B-00C04F79EFBC}") = "QuickSort", "QuickSort\QuickSort.csproj", "{2B690B3C-CE80-4F99-80E4-CF7458385088}"
EndProject
Global
	GlobalSection(SolutionConfigurationPlatforms) = preSolution
		Debug|Any CPU = Debug|Any CPU
		Release|Any CPU = Release|Any CPU
	EndGlobalSection
	GlobalSection(ProjectConfigurationPlatforms) = postSolution
		{2B690B3C-CE80-4F99-80E4-CF7458385088}.Debug|Any CPU.ActiveCfg = Debug|Any CPU
		{2B690B3C-CE80-4F99-80E4-CF7458385088}.Debug|Any CPU.Build.0 = Debug|Any CPU
		{2B690B3C-CE80-4F99-80E4-CF7458385088}.Release|Any CPU.ActiveCfg = Release|Any CPU
		{2B690B3C-CE80-4F99-80E4-CF7458385088}.Release|Any CPU.Build.0 = Release|Any CPU
	EndGlobalSection
	GlobalSection(SolutionProperties) = preSolution
		HideSolutionNode = FALSE
	EndGlobalSection
	GlobalSection(ExtensibilityGlobals) = postSolution
		SolutionGuid = {8528A47B-B92B-4343-9F39-6D8953DDDADD}
	EndGlobalSection
EndGlobal
